
Microsoft Visual Studio Solution File, Format Version 12.00
# Visual Studio Version 16
VisualStudioVersion = 16.0.29728.190
MinimumVisualStudioVersion = 10.0.40219.1
Project("{2150E333-8FDC-42A3-9474-1A3956D46DE8}") = "Solution Items", "Solution Items", "{AA508127-8469-49B0-86D4-94535B8F8823}"
	ProjectSection(SolutionItems) = preProject
		README.md = README.md
		LICENSE.md = LICENSE.md
		.editorconfig = .editorconfig
		Directory.Build.props = Directory.Build.props
		version.json = version.json
		Directory.Packages.props = Directory.Packages.props
		makefile = makefile
		makefile.p = makefile.p
		tantei.service = tantei.service
		.gitignore = .gitignore
		justfile = justfile
	EndProjectSection
EndProject
Project("{FAE04EC0-301F-11D3-BF4B-00C04F79EFBC}") = "PaperMalKing.Common", "src\PaperMalKing.Common\PaperMalKing.Common.csproj", "{CB810595-A680-4680-86DF-2D847E2D00B9}"
EndProject
Project("{FAE04EC0-301F-11D3-BF4B-00C04F79EFBC}") = "PaperMalKing.Database", "src\PaperMalKing.Database\PaperMalKing.Database.csproj", "{F1A19CBA-9094-4385-A292-53EEFAD4D850}"
EndProject
Project("{FAE04EC0-301F-11D3-BF4B-00C04F79EFBC}") = "PaperMalKing.MyAnimeList.UpdateProvider", "src\PaperMalKing.MyAnimeList.UpdateProvider\PaperMalKing.MyAnimeList.UpdateProvider.csproj", "{7BB1A178-E4FF-427E-9798-CE8BD8A88F40}"
EndProject
Project("{FAE04EC0-301F-11D3-BF4B-00C04F79EFBC}") = "PaperMalKing.UpdatesProviders.Base", "src\PaperMalKing.UpdatesProviders.Base\PaperMalKing.UpdatesProviders.Base.csproj", "{792AC781-846C-4D08-B125-9240F976B5B4}"
EndProject
Project("{FAE04EC0-301F-11D3-BF4B-00C04F79EFBC}") = "PaperMalKing.MyAnimeList.Wrapper.Abstractions", "src\PaperMalKing.MyAnimeList.Wrapper.Abstractions\PaperMalKing.MyAnimeList.Wrapper.Abstractions.csproj", "{F33A6A6C-D5F1-4E55-B1ED-44F5040B211A}"
EndProject
Project("{FAE04EC0-301F-11D3-BF4B-00C04F79EFBC}") = "PaperMalKing.Shikimori.Wrapper.Abstractions", "src\PaperMalKing.Shikimori.Wrapper.Abstractions\PaperMalKing.Shikimori.Wrapper.Abstractions.csproj", "{F458F4DC-AC3D-4A31-8C05-2DF5B0AA6834}"
EndProject
Project("{FAE04EC0-301F-11D3-BF4B-00C04F79EFBC}") = "PaperMalKing.Shikimori.UpdateProvider", "src\PaperMalKing.Shikimori.UpdateProvider\PaperMalKing.Shikimori.UpdateProvider.csproj", "{5EEB70A4-2F1E-4165-96B4-B8E344FCD04D}"
EndProject
Project("{FAE04EC0-301F-11D3-BF4B-00C04F79EFBC}") = "PaperMalKing.AniList.Wrapper.Abstractions", "src\PaperMalKing.AniList.Wrapper.Abstractions\PaperMalKing.AniList.Wrapper.Abstractions.csproj", "{82D32C6E-5371-463E-BEF9-45EF4B8876A1}"
EndProject
Project("{FAE04EC0-301F-11D3-BF4B-00C04F79EFBC}") = "PaperMalKing.AniList.UpdateProvider", "src\PaperMalKing.AniList.UpdateProvider\PaperMalKing.AniList.UpdateProvider.csproj", "{C4075A12-12AF-4B81-AD3B-99704DDB7B03}"
EndProject
Project("{2150E333-8FDC-42A3-9474-1A3956D46DE8}") = ".github", ".github", "{E970512D-B479-4616-B280-AB6FC9F3D111}"
ProjectSection(SolutionItems) = preProject
	.github/workflows/build.yml = .github/workflows/build.yml
	.github/dependabot.yml = .github/dependabot.yml
	.github\workflows\commentOnDatabase.yml = .github\workflows\commentOnDatabase.yml
	.github\workflows\release.yml = .github\workflows\release.yml
EndProjectSection
EndProject
Project("{FAE04EC0-301F-11D3-BF4B-00C04F79EFBC}") = "PaperMalKing.Database.Migrations", "src\PaperMalKing.Database.Migrations\PaperMalKing.Database.Migrations.csproj", "{0615E56A-0908-4115-A91E-79BB6B1DB177}"
EndProject
Project("{FAE04EC0-301F-11D3-BF4B-00C04F79EFBC}") = "PaperMalKing.Database.CompiledModels", "src\PaperMalKing.Database.CompiledModels\PaperMalKing.Database.CompiledModels.csproj", "{C1E1E287-5351-455F-AADD-F2FD509CD84A}"
EndProject
Project("{2150E333-8FDC-42A3-9474-1A3956D46DE8}") = "src", "src", "{3520F9C0-017D-4CA0-ABF6-D711310B6232}"
	ProjectSection(SolutionItems) = preProject
		src\Directory.Build.props = src\Directory.Build.props
	EndProjectSection
EndProject
Project("{2150E333-8FDC-42A3-9474-1A3956D46DE8}") = "tests", "tests", "{1DF4A161-80A8-4A54-AF01-AF006A6C38E0}"
	ProjectSection(SolutionItems) = preProject
		tests\Directory.Build.props = tests\Directory.Build.props
		tests\.gitignore = tests\.gitignore
	EndProjectSection
EndProject
Project("{FAE04EC0-301F-11D3-BF4B-00C04F79EFBC}") = "PaperMalKing.MyAnimeList.Wrapper.Tests", "tests\PaperMalKing.MyAnimeList.Wrapper.Tests\PaperMalKing.MyAnimeList.Wrapper.Tests.csproj", "{F0DD420F-CE4A-4DBB-8C24-6DACBA138A02}"
EndProject
Project("{FAE04EC0-301F-11D3-BF4B-00C04F79EFBC}") = "PaperMalKing.UpdateProviders.Base.Tests", "tests\PaperMalKing.UpdateProviders.Base.Tests\PaperMalKing.UpdateProviders.Base.Tests.csproj", "{50B1C2A2-5709-4490-A995-D00D05ECEB50}"
EndProject
Project("{FAE04EC0-301F-11D3-BF4B-00C04F79EFBC}") = "PaperMalKing.AniList.Wrapper.Tests", "tests\PaperMalKing.AniList.Wrapper.Tests\PaperMalKing.AniList.Wrapper.Tests.csproj", "{07216B66-6116-47B4-A5D5-85E9F5962DD2}"
EndProject
Project("{FAE04EC0-301F-11D3-BF4B-00C04F79EFBC}") = "PaperMalKing.AniList.UpdateProvider.Installer", "src\PaperMalKing.AniList.UpdateProvider.Installer\PaperMalKing.AniList.UpdateProvider.Installer.csproj", "{25930F9E-B68A-4EC0-9DBC-D6137246076E}"
EndProject
Project("{FAE04EC0-301F-11D3-BF4B-00C04F79EFBC}") = "PaperMalKing.AniList.Wrapper", "src\PaperMalKing.AniList.Wrapper\PaperMalKing.AniList.Wrapper.csproj", "{FDDF8A9F-ABF6-4C9C-8DA9-89EEDBA63172}"
EndProject
Project("{FAE04EC0-301F-11D3-BF4B-00C04F79EFBC}") = "PaperMalKing.Shikimori.UpdateProvider.Installer", "src\PaperMalKing.Shikimori.UpdateProvider.Installer\PaperMalKing.Shikimori.UpdateProvider.Installer.csproj", "{8A4AC7DF-1B3C-40A3-8EC6-72361D90A089}"
EndProject
Project("{FAE04EC0-301F-11D3-BF4B-00C04F79EFBC}") = "PaperMalKing.Shikimori.Wrapper", "src\PaperMalKing.Shikimori.Wrapper\PaperMalKing.Shikimori.Wrapper.csproj", "{A975F448-E797-4BBF-8B9B-D0278DA43FE5}"
EndProject
Project("{FAE04EC0-301F-11D3-BF4B-00C04F79EFBC}") = "PaperMalKing.MyAnimeList.UpdateProvider.Installer", "src\PaperMalKing.MyAnimeList.UpdateProvider.Installer\PaperMalKing.MyAnimeList.UpdateProvider.Installer.csproj", "{05AE8C5D-C73E-498C-A656-B74B2A6A1C1D}"
EndProject
Project("{FAE04EC0-301F-11D3-BF4B-00C04F79EFBC}") = "PaperMalKing.MyAnimeList.Wrapper", "src\PaperMalKing.MyAnimeList.Wrapper\PaperMalKing.MyAnimeList.Wrapper.csproj", "{8863214C-5C97-4E51-91DC-BB65767BD85C}"
EndProject
Project("{FAE04EC0-301F-11D3-BF4B-00C04F79EFBC}") = "PaperMalKing.Startup", "src\PaperMalKing.Startup\PaperMalKing.Startup.csproj", "{37562E29-1A5C-480C-A7E6-BC317EC6662D}"
EndProject
Project("{FAE04EC0-301F-11D3-BF4B-00C04F79EFBC}") = "PaperMalKing", "src\PaperMalKing\PaperMalKing.csproj", "{854435D3-D30B-4AB1-A2AA-F025176F4CE1}"
EndProject
Project("{2150E333-8FDC-42A3-9474-1A3956D46DE8}") = "benchmarks", "benchmarks", "{8965EE84-73CC-4177-9B62-2AB1000CBBFF}"
EndProject
Project("{FAE04EC0-301F-11D3-BF4B-00C04F79EFBC}") = "Tantei.Benchmarks", "benchmarks\Tantei.Benchmarks\Tantei.Benchmarks.csproj", "{0C0B77D2-37E4-45B3-B487-DC05E9690A2D}"
EndProject
Global
	GlobalSection(SolutionConfigurationPlatforms) = preSolution
		Debug|Any CPU = Debug|Any CPU
		Release|Any CPU = Release|Any CPU
	EndGlobalSection
	GlobalSection(ProjectConfigurationPlatforms) = postSolution
		{CB810595-A680-4680-86DF-2D847E2D00B9}.Debug|Any CPU.ActiveCfg = Debug|Any CPU
		{CB810595-A680-4680-86DF-2D847E2D00B9}.Debug|Any CPU.Build.0 = Debug|Any CPU
		{CB810595-A680-4680-86DF-2D847E2D00B9}.Release|Any CPU.ActiveCfg = Release|Any CPU
		{CB810595-A680-4680-86DF-2D847E2D00B9}.Release|Any CPU.Build.0 = Release|Any CPU
		{F1A19CBA-9094-4385-A292-53EEFAD4D850}.Debug|Any CPU.ActiveCfg = Debug|Any CPU
		{F1A19CBA-9094-4385-A292-53EEFAD4D850}.Debug|Any CPU.Build.0 = Debug|Any CPU
		{F1A19CBA-9094-4385-A292-53EEFAD4D850}.Release|Any CPU.ActiveCfg = Release|Any CPU
		{F1A19CBA-9094-4385-A292-53EEFAD4D850}.Release|Any CPU.Build.0 = Release|Any CPU
		{7BB1A178-E4FF-427E-9798-CE8BD8A88F40}.Debug|Any CPU.ActiveCfg = Debug|Any CPU
		{7BB1A178-E4FF-427E-9798-CE8BD8A88F40}.Debug|Any CPU.Build.0 = Debug|Any CPU
		{7BB1A178-E4FF-427E-9798-CE8BD8A88F40}.Release|Any CPU.ActiveCfg = Release|Any CPU
		{7BB1A178-E4FF-427E-9798-CE8BD8A88F40}.Release|Any CPU.Build.0 = Release|Any CPU
		{792AC781-846C-4D08-B125-9240F976B5B4}.Debug|Any CPU.ActiveCfg = Debug|Any CPU
		{792AC781-846C-4D08-B125-9240F976B5B4}.Debug|Any CPU.Build.0 = Debug|Any CPU
		{792AC781-846C-4D08-B125-9240F976B5B4}.Release|Any CPU.ActiveCfg = Release|Any CPU
		{792AC781-846C-4D08-B125-9240F976B5B4}.Release|Any CPU.Build.0 = Release|Any CPU
		{F33A6A6C-D5F1-4E55-B1ED-44F5040B211A}.Debug|Any CPU.ActiveCfg = Debug|Any CPU
		{F33A6A6C-D5F1-4E55-B1ED-44F5040B211A}.Debug|Any CPU.Build.0 = Debug|Any CPU
		{F33A6A6C-D5F1-4E55-B1ED-44F5040B211A}.Release|Any CPU.ActiveCfg = Release|Any CPU
		{F33A6A6C-D5F1-4E55-B1ED-44F5040B211A}.Release|Any CPU.Build.0 = Release|Any CPU
		{F458F4DC-AC3D-4A31-8C05-2DF5B0AA6834}.Debug|Any CPU.ActiveCfg = Debug|Any CPU
		{F458F4DC-AC3D-4A31-8C05-2DF5B0AA6834}.Debug|Any CPU.Build.0 = Debug|Any CPU
		{F458F4DC-AC3D-4A31-8C05-2DF5B0AA6834}.Release|Any CPU.ActiveCfg = Release|Any CPU
		{F458F4DC-AC3D-4A31-8C05-2DF5B0AA6834}.Release|Any CPU.Build.0 = Release|Any CPU
		{5EEB70A4-2F1E-4165-96B4-B8E344FCD04D}.Debug|Any CPU.ActiveCfg = Debug|Any CPU
		{5EEB70A4-2F1E-4165-96B4-B8E344FCD04D}.Debug|Any CPU.Build.0 = Debug|Any CPU
		{5EEB70A4-2F1E-4165-96B4-B8E344FCD04D}.Release|Any CPU.ActiveCfg = Release|Any CPU
		{5EEB70A4-2F1E-4165-96B4-B8E344FCD04D}.Release|Any CPU.Build.0 = Release|Any CPU
		{82D32C6E-5371-463E-BEF9-45EF4B8876A1}.Debug|Any CPU.ActiveCfg = Debug|Any CPU
		{82D32C6E-5371-463E-BEF9-45EF4B8876A1}.Debug|Any CPU.Build.0 = Debug|Any CPU
		{82D32C6E-5371-463E-BEF9-45EF4B8876A1}.Release|Any CPU.ActiveCfg = Release|Any CPU
		{82D32C6E-5371-463E-BEF9-45EF4B8876A1}.Release|Any CPU.Build.0 = Release|Any CPU
		{C4075A12-12AF-4B81-AD3B-99704DDB7B03}.Debug|Any CPU.ActiveCfg = Debug|Any CPU
		{C4075A12-12AF-4B81-AD3B-99704DDB7B03}.Debug|Any CPU.Build.0 = Debug|Any CPU
		{C4075A12-12AF-4B81-AD3B-99704DDB7B03}.Release|Any CPU.ActiveCfg = Release|Any CPU
		{C4075A12-12AF-4B81-AD3B-99704DDB7B03}.Release|Any CPU.Build.0 = Release|Any CPU
		{0615E56A-0908-4115-A91E-79BB6B1DB177}.Debug|Any CPU.ActiveCfg = Debug|Any CPU
		{0615E56A-0908-4115-A91E-79BB6B1DB177}.Debug|Any CPU.Build.0 = Debug|Any CPU
		{0615E56A-0908-4115-A91E-79BB6B1DB177}.Release|Any CPU.ActiveCfg = Release|Any CPU
		{0615E56A-0908-4115-A91E-79BB6B1DB177}.Release|Any CPU.Build.0 = Release|Any CPU
		{C1E1E287-5351-455F-AADD-F2FD509CD84A}.Debug|Any CPU.ActiveCfg = Debug|Any CPU
		{C1E1E287-5351-455F-AADD-F2FD509CD84A}.Debug|Any CPU.Build.0 = Debug|Any CPU
		{C1E1E287-5351-455F-AADD-F2FD509CD84A}.Release|Any CPU.ActiveCfg = Release|Any CPU
		{C1E1E287-5351-455F-AADD-F2FD509CD84A}.Release|Any CPU.Build.0 = Release|Any CPU
		{F0DD420F-CE4A-4DBB-8C24-6DACBA138A02}.Debug|Any CPU.ActiveCfg = Debug|Any CPU
		{F0DD420F-CE4A-4DBB-8C24-6DACBA138A02}.Debug|Any CPU.Build.0 = Debug|Any CPU
		{F0DD420F-CE4A-4DBB-8C24-6DACBA138A02}.Release|Any CPU.ActiveCfg = Release|Any CPU
		{F0DD420F-CE4A-4DBB-8C24-6DACBA138A02}.Release|Any CPU.Build.0 = Release|Any CPU
		{50B1C2A2-5709-4490-A995-D00D05ECEB50}.Debug|Any CPU.ActiveCfg = Debug|Any CPU
		{50B1C2A2-5709-4490-A995-D00D05ECEB50}.Debug|Any CPU.Build.0 = Debug|Any CPU
		{50B1C2A2-5709-4490-A995-D00D05ECEB50}.Release|Any CPU.ActiveCfg = Release|Any CPU
		{50B1C2A2-5709-4490-A995-D00D05ECEB50}.Release|Any CPU.Build.0 = Release|Any CPU
		{07216B66-6116-47B4-A5D5-85E9F5962DD2}.Debug|Any CPU.ActiveCfg = Debug|Any CPU
		{07216B66-6116-47B4-A5D5-85E9F5962DD2}.Debug|Any CPU.Build.0 = Debug|Any CPU
		{07216B66-6116-47B4-A5D5-85E9F5962DD2}.Release|Any CPU.ActiveCfg = Release|Any CPU
		{07216B66-6116-47B4-A5D5-85E9F5962DD2}.Release|Any CPU.Build.0 = Release|Any CPU
		{25930F9E-B68A-4EC0-9DBC-D6137246076E}.Debug|Any CPU.ActiveCfg = Debug|Any CPU
		{25930F9E-B68A-4EC0-9DBC-D6137246076E}.Debug|Any CPU.Build.0 = Debug|Any CPU
		{25930F9E-B68A-4EC0-9DBC-D6137246076E}.Release|Any CPU.ActiveCfg = Release|Any CPU
		{25930F9E-B68A-4EC0-9DBC-D6137246076E}.Release|Any CPU.Build.0 = Release|Any CPU
		{FDDF8A9F-ABF6-4C9C-8DA9-89EEDBA63172}.Debug|Any CPU.ActiveCfg = Debug|Any CPU
		{FDDF8A9F-ABF6-4C9C-8DA9-89EEDBA63172}.Debug|Any CPU.Build.0 = Debug|Any CPU
		{FDDF8A9F-ABF6-4C9C-8DA9-89EEDBA63172}.Release|Any CPU.ActiveCfg = Release|Any CPU
		{FDDF8A9F-ABF6-4C9C-8DA9-89EEDBA63172}.Release|Any CPU.Build.0 = Release|Any CPU
		{8A4AC7DF-1B3C-40A3-8EC6-72361D90A089}.Debug|Any CPU.ActiveCfg = Debug|Any CPU
		{8A4AC7DF-1B3C-40A3-8EC6-72361D90A089}.Debug|Any CPU.Build.0 = Debug|Any CPU
		{8A4AC7DF-1B3C-40A3-8EC6-72361D90A089}.Release|Any CPU.ActiveCfg = Release|Any CPU
		{8A4AC7DF-1B3C-40A3-8EC6-72361D90A089}.Release|Any CPU.Build.0 = Release|Any CPU
		{A975F448-E797-4BBF-8B9B-D0278DA43FE5}.Debug|Any CPU.ActiveCfg = Debug|Any CPU
		{A975F448-E797-4BBF-8B9B-D0278DA43FE5}.Debug|Any CPU.Build.0 = Debug|Any CPU
		{A975F448-E797-4BBF-8B9B-D0278DA43FE5}.Release|Any CPU.ActiveCfg = Release|Any CPU
		{A975F448-E797-4BBF-8B9B-D0278DA43FE5}.Release|Any CPU.Build.0 = Release|Any CPU
		{05AE8C5D-C73E-498C-A656-B74B2A6A1C1D}.Debug|Any CPU.ActiveCfg = Debug|Any CPU
		{05AE8C5D-C73E-498C-A656-B74B2A6A1C1D}.Debug|Any CPU.Build.0 = Debug|Any CPU
		{05AE8C5D-C73E-498C-A656-B74B2A6A1C1D}.Release|Any CPU.ActiveCfg = Release|Any CPU
		{05AE8C5D-C73E-498C-A656-B74B2A6A1C1D}.Release|Any CPU.Build.0 = Release|Any CPU
		{8863214C-5C97-4E51-91DC-BB65767BD85C}.Debug|Any CPU.ActiveCfg = Debug|Any CPU
		{8863214C-5C97-4E51-91DC-BB65767BD85C}.Debug|Any CPU.Build.0 = Debug|Any CPU
		{8863214C-5C97-4E51-91DC-BB65767BD85C}.Release|Any CPU.ActiveCfg = Release|Any CPU
		{8863214C-5C97-4E51-91DC-BB65767BD85C}.Release|Any CPU.Build.0 = Release|Any CPU
		{37562E29-1A5C-480C-A7E6-BC317EC6662D}.Debug|Any CPU.ActiveCfg = Debug|Any CPU
		{37562E29-1A5C-480C-A7E6-BC317EC6662D}.Debug|Any CPU.Build.0 = Debug|Any CPU
		{37562E29-1A5C-480C-A7E6-BC317EC6662D}.Release|Any CPU.ActiveCfg = Release|Any CPU
		{37562E29-1A5C-480C-A7E6-BC317EC6662D}.Release|Any CPU.Build.0 = Release|Any CPU
		{854435D3-D30B-4AB1-A2AA-F025176F4CE1}.Debug|Any CPU.ActiveCfg = Debug|Any CPU
		{854435D3-D30B-4AB1-A2AA-F025176F4CE1}.Debug|Any CPU.Build.0 = Debug|Any CPU
		{854435D3-D30B-4AB1-A2AA-F025176F4CE1}.Release|Any CPU.ActiveCfg = Release|Any CPU
		{854435D3-D30B-4AB1-A2AA-F025176F4CE1}.Release|Any CPU.Build.0 = Release|Any CPU
		{0C0B77D2-37E4-45B3-B487-DC05E9690A2D}.Debug|Any CPU.ActiveCfg = Debug|Any CPU
		{0C0B77D2-37E4-45B3-B487-DC05E9690A2D}.Debug|Any CPU.Build.0 = Debug|Any CPU
		{0C0B77D2-37E4-45B3-B487-DC05E9690A2D}.Release|Any CPU.ActiveCfg = Release|Any CPU
		{0C0B77D2-37E4-45B3-B487-DC05E9690A2D}.Release|Any CPU.Build.0 = Release|Any CPU
	EndGlobalSection
	GlobalSection(SolutionProperties) = preSolution
		HideSolutionNode = FALSE
	EndGlobalSection
	GlobalSection(ExtensibilityGlobals) = postSolution
		SolutionGuid = {E11049DB-9BE9-4D2D-9EE4-BEF1562BAB91}
	EndGlobalSection
	GlobalSection(NestedProjects) = preSolution
		{C4075A12-12AF-4B81-AD3B-99704DDB7B03} = {3520F9C0-017D-4CA0-ABF6-D711310B6232}
		{82D32C6E-5371-463E-BEF9-45EF4B8876A1} = {3520F9C0-017D-4CA0-ABF6-D711310B6232}
		{CB810595-A680-4680-86DF-2D847E2D00B9} = {3520F9C0-017D-4CA0-ABF6-D711310B6232}
		{F1A19CBA-9094-4385-A292-53EEFAD4D850} = {3520F9C0-017D-4CA0-ABF6-D711310B6232}
		{C1E1E287-5351-455F-AADD-F2FD509CD84A} = {3520F9C0-017D-4CA0-ABF6-D711310B6232}
		{0615E56A-0908-4115-A91E-79BB6B1DB177} = {3520F9C0-017D-4CA0-ABF6-D711310B6232}
		{7BB1A178-E4FF-427E-9798-CE8BD8A88F40} = {3520F9C0-017D-4CA0-ABF6-D711310B6232}
		{F33A6A6C-D5F1-4E55-B1ED-44F5040B211A} = {3520F9C0-017D-4CA0-ABF6-D711310B6232}
		{5EEB70A4-2F1E-4165-96B4-B8E344FCD04D} = {3520F9C0-017D-4CA0-ABF6-D711310B6232}
		{F458F4DC-AC3D-4A31-8C05-2DF5B0AA6834} = {3520F9C0-017D-4CA0-ABF6-D711310B6232}
		{792AC781-846C-4D08-B125-9240F976B5B4} = {3520F9C0-017D-4CA0-ABF6-D711310B6232}
		{F0DD420F-CE4A-4DBB-8C24-6DACBA138A02} = {1DF4A161-80A8-4A54-AF01-AF006A6C38E0}
		{50B1C2A2-5709-4490-A995-D00D05ECEB50} = {1DF4A161-80A8-4A54-AF01-AF006A6C38E0}
		{07216B66-6116-47B4-A5D5-85E9F5962DD2} = {1DF4A161-80A8-4A54-AF01-AF006A6C38E0}
		{25930F9E-B68A-4EC0-9DBC-D6137246076E} = {3520F9C0-017D-4CA0-ABF6-D711310B6232}
		{FDDF8A9F-ABF6-4C9C-8DA9-89EEDBA63172} = {3520F9C0-017D-4CA0-ABF6-D711310B6232}
		{8A4AC7DF-1B3C-40A3-8EC6-72361D90A089} = {3520F9C0-017D-4CA0-ABF6-D711310B6232}
		{A975F448-E797-4BBF-8B9B-D0278DA43FE5} = {3520F9C0-017D-4CA0-ABF6-D711310B6232}
		{05AE8C5D-C73E-498C-A656-B74B2A6A1C1D} = {3520F9C0-017D-4CA0-ABF6-D711310B6232}
		{8863214C-5C97-4E51-91DC-BB65767BD85C} = {3520F9C0-017D-4CA0-ABF6-D711310B6232}
		{37562E29-1A5C-480C-A7E6-BC317EC6662D} = {3520F9C0-017D-4CA0-ABF6-D711310B6232}
		{854435D3-D30B-4AB1-A2AA-F025176F4CE1} = {3520F9C0-017D-4CA0-ABF6-D711310B6232}
		{0C0B77D2-37E4-45B3-B487-DC05E9690A2D} = {8965EE84-73CC-4177-9B62-2AB1000CBBFF}
	EndGlobalSection
EndGlobal
