
Microsoft Visual Studio Solution File, Format Version 12.00
# Visual Studio Version 16
VisualStudioVersion = 16.0.29728.190
MinimumVisualStudioVersion = 10.0.40219.1
Project("{2150E333-8FDC-42A3-9474-1A3956D46DE8}") = "Solution Items", "Solution Items", "{AA508127-8469-49B0-86D4-94535B8F8823}"
	ProjectSection(SolutionItems) = preProject
		README.md = README.md
		LICENSE.md = LICENSE.md
		.editorconfig = .editorconfig
		Directory.Build.props = Directory.Build.props
		Directory.Packages.props = Directory.Packages.props
	EndProjectSection
EndProject
Project("{2150E333-8FDC-42A3-9474-1A3956D46DE8}") = ".github", ".github", "{E970512D-B479-4616-B280-AB6FC9F3D111}"
ProjectSection(SolutionItems) = preProject
	.github/workflows/build.yml = .github/workflows/build.yml
	.github\workflows\lint.yml = .github\workflows\lint.yml
EndProjectSection
EndProject
Project("{2150E333-8FDC-42A3-9474-1A3956D46DE8}") = ".config", ".config", "{1ACFDF39-68E9-42EB-BDD2-AC1824C23C2E}"
	ProjectSection(SolutionItems) = preProject
		.config\dotnet-tools.json = .config\dotnet-tools.json
	EndProjectSection
EndProject
Project("{2150E333-8FDC-42A3-9474-1A3956D46DE8}") = "src", "src", "{01BB0AB0-7792-4D1A-9230-47AACB57FF49}"
EndProject
Project("{FAE04EC0-301F-11D3-BF4B-00C04F79EFBC}") = "Tantei.Common", "src\Tantei.Common\Tantei.Common.csproj", "{020A3C30-CDA4-4567-B1DE-D3FDE0D3ECA7}"
EndProject
Project("{2150E333-8FDC-42A3-9474-1A3956D46DE8}") = "tests", "tests", "{77F1361F-61F2-49C7-AB8B-042B973BAFD3}"
	ProjectSection(SolutionItems) = preProject
		tests\Directory.Build.props = tests\Directory.Build.props
	EndProjectSection
EndProject
Project("{FAE04EC0-301F-11D3-BF4B-00C04F79EFBC}") = "Tantei.Common.Tests", "tests\Tantei.Common.Tests\Tantei.Common.Tests.csproj", "{6CD8BF1F-A67A-4269-8289-7CAD6A6F0F1C}"
EndProject
Project("{FAE04EC0-301F-11D3-BF4B-00C04F79EFBC}") = "Tantei.Core.Models", "src\Tantei.Core.Models\Tantei.Core.Models.csproj", "{3D1E7032-806C-43A0-87EE-C93A59999043}"
EndProject
Project("{FAE04EC0-301F-11D3-BF4B-00C04F79EFBC}") = "Tantei.Data", "src\Tantei.Data\Tantei.Data.csproj", "{95166B71-C876-4ECD-8945-4A4AB70F5D8F}"
EndProject
Project("{FAE04EC0-301F-11D3-BF4B-00C04F79EFBC}") = "Tantei.Core.Models.AniList", "src\Tantei.Core.Models.AniList\Tantei.Core.Models.AniList.csproj", "{38D3AA41-3A09-4FAC-8F63-F685E80877D4}"
EndProject
Project("{FAE04EC0-301F-11D3-BF4B-00C04F79EFBC}") = "Tantei.Core.Models.MyAnimeList", "src\Tantei.Core.Models.MyAnimeList\Tantei.Core.Models.MyAnimeList.csproj", "{3BA5B6E1-4823-42BC-9B83-0858FB93D9EF}"
EndProject
Project("{FAE04EC0-301F-11D3-BF4B-00C04F79EFBC}") = "Tantei.Core.Models.Shikimori", "src\Tantei.Core.Models.Shikimori\Tantei.Core.Models.Shikimori.csproj", "{C30AE0DF-02C1-4A64-923D-AD3BF5C3CF56}"
EndProject
Project("{FAE04EC0-301F-11D3-BF4B-00C04F79EFBC}") = "Tantei.Data.Abstractions", "src\Tantei.Data.Abstractions\Tantei.Data.Abstractions.csproj", "{29E37975-9C62-4E74-A56E-7CC3FB87932C}"
EndProject
Project("{FAE04EC0-301F-11D3-BF4B-00C04F79EFBC}") = "Tantei.Core.Models.Users", "src\Tantei.Core.Models.Users\Tantei.Core.Models.Users.csproj", "{2922C5C1-9332-445A-8BCF-D078A939D248}"
EndProject
Project("{FAE04EC0-301F-11D3-BF4B-00C04F79EFBC}") = "Tantei.UpdateProviders.Abstractions", "src\Tantei.UpdateProviders.Abstractions\Tantei.UpdateProviders.Abstractions.csproj", "{C58A0934-0B74-437B-8153-BB632045B8C0}"
EndProject
Project("{FAE04EC0-301F-11D3-BF4B-00C04F79EFBC}") = "Tantei.UpdateProviders.Base", "src\Tantei.UpdateProviders.Base\Tantei.UpdateProviders.Base.csproj", "{581006C9-3717-408C-9259-A8035F3402C0}"
EndProject
Global
	GlobalSection(SolutionConfigurationPlatforms) = preSolution
		Debug|Any CPU = Debug|Any CPU
		Release|Any CPU = Release|Any CPU
	EndGlobalSection
	GlobalSection(ProjectConfigurationPlatforms) = postSolution
		{020A3C30-CDA4-4567-B1DE-D3FDE0D3ECA7}.Debug|Any CPU.ActiveCfg = Debug|Any CPU
		{020A3C30-CDA4-4567-B1DE-D3FDE0D3ECA7}.Debug|Any CPU.Build.0 = Debug|Any CPU
		{020A3C30-CDA4-4567-B1DE-D3FDE0D3ECA7}.Release|Any CPU.ActiveCfg = Release|Any CPU
		{020A3C30-CDA4-4567-B1DE-D3FDE0D3ECA7}.Release|Any CPU.Build.0 = Release|Any CPU
		{6CD8BF1F-A67A-4269-8289-7CAD6A6F0F1C}.Debug|Any CPU.ActiveCfg = Debug|Any CPU
		{6CD8BF1F-A67A-4269-8289-7CAD6A6F0F1C}.Debug|Any CPU.Build.0 = Debug|Any CPU
		{6CD8BF1F-A67A-4269-8289-7CAD6A6F0F1C}.Release|Any CPU.ActiveCfg = Release|Any CPU
		{6CD8BF1F-A67A-4269-8289-7CAD6A6F0F1C}.Release|Any CPU.Build.0 = Release|Any CPU
		{3D1E7032-806C-43A0-87EE-C93A59999043}.Debug|Any CPU.ActiveCfg = Debug|Any CPU
		{3D1E7032-806C-43A0-87EE-C93A59999043}.Debug|Any CPU.Build.0 = Debug|Any CPU
		{3D1E7032-806C-43A0-87EE-C93A59999043}.Release|Any CPU.ActiveCfg = Release|Any CPU
		{3D1E7032-806C-43A0-87EE-C93A59999043}.Release|Any CPU.Build.0 = Release|Any CPU
		{95166B71-C876-4ECD-8945-4A4AB70F5D8F}.Debug|Any CPU.ActiveCfg = Debug|Any CPU
		{95166B71-C876-4ECD-8945-4A4AB70F5D8F}.Debug|Any CPU.Build.0 = Debug|Any CPU
		{95166B71-C876-4ECD-8945-4A4AB70F5D8F}.Release|Any CPU.ActiveCfg = Release|Any CPU
		{95166B71-C876-4ECD-8945-4A4AB70F5D8F}.Release|Any CPU.Build.0 = Release|Any CPU
		{38D3AA41-3A09-4FAC-8F63-F685E80877D4}.Debug|Any CPU.ActiveCfg = Debug|Any CPU
		{38D3AA41-3A09-4FAC-8F63-F685E80877D4}.Debug|Any CPU.Build.0 = Debug|Any CPU
		{38D3AA41-3A09-4FAC-8F63-F685E80877D4}.Release|Any CPU.ActiveCfg = Release|Any CPU
		{38D3AA41-3A09-4FAC-8F63-F685E80877D4}.Release|Any CPU.Build.0 = Release|Any CPU
		{3BA5B6E1-4823-42BC-9B83-0858FB93D9EF}.Debug|Any CPU.ActiveCfg = Debug|Any CPU
		{3BA5B6E1-4823-42BC-9B83-0858FB93D9EF}.Debug|Any CPU.Build.0 = Debug|Any CPU
		{3BA5B6E1-4823-42BC-9B83-0858FB93D9EF}.Release|Any CPU.ActiveCfg = Release|Any CPU
		{3BA5B6E1-4823-42BC-9B83-0858FB93D9EF}.Release|Any CPU.Build.0 = Release|Any CPU
		{C30AE0DF-02C1-4A64-923D-AD3BF5C3CF56}.Debug|Any CPU.ActiveCfg = Debug|Any CPU
		{C30AE0DF-02C1-4A64-923D-AD3BF5C3CF56}.Debug|Any CPU.Build.0 = Debug|Any CPU
		{C30AE0DF-02C1-4A64-923D-AD3BF5C3CF56}.Release|Any CPU.ActiveCfg = Release|Any CPU
		{C30AE0DF-02C1-4A64-923D-AD3BF5C3CF56}.Release|Any CPU.Build.0 = Release|Any CPU
		{29E37975-9C62-4E74-A56E-7CC3FB87932C}.Debug|Any CPU.ActiveCfg = Debug|Any CPU
		{29E37975-9C62-4E74-A56E-7CC3FB87932C}.Debug|Any CPU.Build.0 = Debug|Any CPU
		{29E37975-9C62-4E74-A56E-7CC3FB87932C}.Release|Any CPU.ActiveCfg = Release|Any CPU
		{29E37975-9C62-4E74-A56E-7CC3FB87932C}.Release|Any CPU.Build.0 = Release|Any CPU
		{2922C5C1-9332-445A-8BCF-D078A939D248}.Debug|Any CPU.ActiveCfg = Debug|Any CPU
		{2922C5C1-9332-445A-8BCF-D078A939D248}.Debug|Any CPU.Build.0 = Debug|Any CPU
		{2922C5C1-9332-445A-8BCF-D078A939D248}.Release|Any CPU.ActiveCfg = Release|Any CPU
		{2922C5C1-9332-445A-8BCF-D078A939D248}.Release|Any CPU.Build.0 = Release|Any CPU
		{C58A0934-0B74-437B-8153-BB632045B8C0}.Debug|Any CPU.ActiveCfg = Debug|Any CPU
		{C58A0934-0B74-437B-8153-BB632045B8C0}.Debug|Any CPU.Build.0 = Debug|Any CPU
		{C58A0934-0B74-437B-8153-BB632045B8C0}.Release|Any CPU.ActiveCfg = Release|Any CPU
		{C58A0934-0B74-437B-8153-BB632045B8C0}.Release|Any CPU.Build.0 = Release|Any CPU
		{581006C9-3717-408C-9259-A8035F3402C0}.Debug|Any CPU.ActiveCfg = Debug|Any CPU
		{581006C9-3717-408C-9259-A8035F3402C0}.Debug|Any CPU.Build.0 = Debug|Any CPU
		{581006C9-3717-408C-9259-A8035F3402C0}.Release|Any CPU.ActiveCfg = Release|Any CPU
		{581006C9-3717-408C-9259-A8035F3402C0}.Release|Any CPU.Build.0 = Release|Any CPU
	EndGlobalSection
	GlobalSection(SolutionProperties) = preSolution
		HideSolutionNode = FALSE
	EndGlobalSection
	GlobalSection(ExtensibilityGlobals) = postSolution
		SolutionGuid = {E11049DB-9BE9-4D2D-9EE4-BEF1562BAB91}
	EndGlobalSection
	GlobalSection(NestedProjects) = preSolution
		{020A3C30-CDA4-4567-B1DE-D3FDE0D3ECA7} = {01BB0AB0-7792-4D1A-9230-47AACB57FF49}
		{6CD8BF1F-A67A-4269-8289-7CAD6A6F0F1C} = {77F1361F-61F2-49C7-AB8B-042B973BAFD3}
		{3D1E7032-806C-43A0-87EE-C93A59999043} = {01BB0AB0-7792-4D1A-9230-47AACB57FF49}
		{95166B71-C876-4ECD-8945-4A4AB70F5D8F} = {01BB0AB0-7792-4D1A-9230-47AACB57FF49}
		{38D3AA41-3A09-4FAC-8F63-F685E80877D4} = {01BB0AB0-7792-4D1A-9230-47AACB57FF49}
		{3BA5B6E1-4823-42BC-9B83-0858FB93D9EF} = {01BB0AB0-7792-4D1A-9230-47AACB57FF49}
		{C30AE0DF-02C1-4A64-923D-AD3BF5C3CF56} = {01BB0AB0-7792-4D1A-9230-47AACB57FF49}
		{29E37975-9C62-4E74-A56E-7CC3FB87932C} = {01BB0AB0-7792-4D1A-9230-47AACB57FF49}
		{2922C5C1-9332-445A-8BCF-D078A939D248} = {01BB0AB0-7792-4D1A-9230-47AACB57FF49}
		{C58A0934-0B74-437B-8153-BB632045B8C0} = {01BB0AB0-7792-4D1A-9230-47AACB57FF49}
		{581006C9-3717-408C-9259-A8035F3402C0} = {01BB0AB0-7792-4D1A-9230-47AACB57FF49}
	EndGlobalSection
EndGlobal
